// !$*UTF8*$!
{
	archiveVersion = 1;
	classes = {
	};
	objectVersion = 56;
	objects = {

/* Begin PBXBuildFile section */
		BC7D496A2979BE6F00ADB84D /* WeatherAppApp.swift in Sources */ = {isa = PBXBuildFile; fileRef = BC7D49692979BE6F00ADB84D /* WeatherAppApp.swift */; };
		BC7D496C2979BE6F00ADB84D /* ContentView.swift in Sources */ = {isa = PBXBuildFile; fileRef = BC7D496B2979BE6F00ADB84D /* ContentView.swift */; };
		BC7D496E2979BE7100ADB84D /* Assets.xcassets in Resources */ = {isa = PBXBuildFile; fileRef = BC7D496D2979BE7100ADB84D /* Assets.xcassets */; };
		BC7D49712979BE7100ADB84D /* Preview Assets.xcassets in Resources */ = {isa = PBXBuildFile; fileRef = BC7D49702979BE7100ADB84D /* Preview Assets.xcassets */; };
		BC7D497B2979BE7100ADB84D /* WeatherAppTests.swift in Sources */ = {isa = PBXBuildFile; fileRef = BC7D497A2979BE7100ADB84D /* WeatherAppTests.swift */; };
		BC7D49852979BE7100ADB84D /* WeatherAppUITests.swift in Sources */ = {isa = PBXBuildFile; fileRef = BC7D49842979BE7100ADB84D /* WeatherAppUITests.swift */; };
		BC7D49872979BE7200ADB84D /* WeatherAppUITestsLaunchTests.swift in Sources */ = {isa = PBXBuildFile; fileRef = BC7D49862979BE7200ADB84D /* WeatherAppUITestsLaunchTests.swift */; };
		BC7D49952979BF0E00ADB84D /* LocationManager.swift in Sources */ = {isa = PBXBuildFile; fileRef = BC7D49942979BF0E00ADB84D /* LocationManager.swift */; };
		BC7D49982979C0DE00ADB84D /* WelcomeView.swift in Sources */ = {isa = PBXBuildFile; fileRef = BC7D49972979C0DE00ADB84D /* WelcomeView.swift */; };
		BC7D499C2979C66D00ADB84D /* LoadingView.swift in Sources */ = {isa = PBXBuildFile; fileRef = BC7D499B2979C66D00ADB84D /* LoadingView.swift */; };
		BC7D499E2979D27D00ADB84D /* WeatherManager.swift in Sources */ = {isa = PBXBuildFile; fileRef = BC7D499D2979D27D00ADB84D /* WeatherManager.swift */; };
		BC7D49A0297C84E500ADB84D /* WeatherView.swift in Sources */ = {isa = PBXBuildFile; fileRef = BC7D499F297C84E500ADB84D /* WeatherView.swift */; };
		BC7D49A2297C8E9400ADB84D /* ModelData.swift in Sources */ = {isa = PBXBuildFile; fileRef = BC7D49A1297C8E9400ADB84D /* ModelData.swift */; };
		BC7D49A4297C91DA00ADB84D /* weatherData.json in Resources */ = {isa = PBXBuildFile; fileRef = BC7D49A3297C91DA00ADB84D /* weatherData.json */; };
		BC7D49A6297C93FE00ADB84D /* Extensions.swift in Sources */ = {isa = PBXBuildFile; fileRef = BC7D49A5297C93FE00ADB84D /* Extensions.swift */; };
		BC7D49AA297CA15A00ADB84D /* WeatherRow.swift in Sources */ = {isa = PBXBuildFile; fileRef = BC7D49A9297CA15A00ADB84D /* WeatherRow.swift */; };
/* End PBXBuildFile section */

/* Begin PBXContainerItemProxy section */
		BC7D49772979BE7100ADB84D /* PBXContainerItemProxy */ = {
			isa = PBXContainerItemProxy;
			containerPortal = BC7D495E2979BE6F00ADB84D /* Project object */;
			proxyType = 1;
			remoteGlobalIDString = BC7D49652979BE6F00ADB84D;
			remoteInfo = WeatherApp;
		};
		BC7D49812979BE7100ADB84D /* PBXContainerItemProxy */ = {
			isa = PBXContainerItemProxy;
			containerPortal = BC7D495E2979BE6F00ADB84D /* Project object */;
			proxyType = 1;
			remoteGlobalIDString = BC7D49652979BE6F00ADB84D;
			remoteInfo = WeatherApp;
		};
/* End PBXContainerItemProxy section */

/* Begin PBXFileReference section */
		BC7D49662979BE6F00ADB84D /* WeatherApp.app */ = {isa = PBXFileReference; explicitFileType = wrapper.application; includeInIndex = 0; path = WeatherApp.app; sourceTree = BUILT_PRODUCTS_DIR; };
		BC7D49692979BE6F00ADB84D /* WeatherAppApp.swift */ = {isa = PBXFileReference; lastKnownFileType = sourcecode.swift; path = WeatherAppApp.swift; sourceTree = "<group>"; };
		BC7D496B2979BE6F00ADB84D /* ContentView.swift */ = {isa = PBXFileReference; lastKnownFileType = sourcecode.swift; path = ContentView.swift; sourceTree = "<group>"; };
		BC7D496D2979BE7100ADB84D /* Assets.xcassets */ = {isa = PBXFileReference; lastKnownFileType = folder.assetcatalog; path = Assets.xcassets; sourceTree = "<group>"; };
		BC7D49702979BE7100ADB84D /* Preview Assets.xcassets */ = {isa = PBXFileReference; lastKnownFileType = folder.assetcatalog; path = "Preview Assets.xcassets"; sourceTree = "<group>"; };
		BC7D49762979BE7100ADB84D /* WeatherAppTests.xctest */ = {isa = PBXFileReference; explicitFileType = wrapper.cfbundle; includeInIndex = 0; path = WeatherAppTests.xctest; sourceTree = BUILT_PRODUCTS_DIR; };
		BC7D497A2979BE7100ADB84D /* WeatherAppTests.swift */ = {isa = PBXFileReference; lastKnownFileType = sourcecode.swift; path = WeatherAppTests.swift; sourceTree = "<group>"; };
		BC7D49802979BE7100ADB84D /* WeatherAppUITests.xctest */ = {isa = PBXFileReference; explicitFileType = wrapper.cfbundle; includeInIndex = 0; path = WeatherAppUITests.xctest; sourceTree = BUILT_PRODUCTS_DIR; };
		BC7D49842979BE7100ADB84D /* WeatherAppUITests.swift */ = {isa = PBXFileReference; lastKnownFileType = sourcecode.swift; path = WeatherAppUITests.swift; sourceTree = "<group>"; };
		BC7D49862979BE7200ADB84D /* WeatherAppUITestsLaunchTests.swift */ = {isa = PBXFileReference; lastKnownFileType = sourcecode.swift; path = WeatherAppUITestsLaunchTests.swift; sourceTree = "<group>"; };
		BC7D49942979BF0E00ADB84D /* LocationManager.swift */ = {isa = PBXFileReference; lastKnownFileType = sourcecode.swift; path = LocationManager.swift; sourceTree = "<group>"; };
		BC7D49972979C0DE00ADB84D /* WelcomeView.swift */ = {isa = PBXFileReference; lastKnownFileType = sourcecode.swift; path = WelcomeView.swift; sourceTree = "<group>"; };
		BC7D499B2979C66D00ADB84D /* LoadingView.swift */ = {isa = PBXFileReference; lastKnownFileType = sourcecode.swift; path = LoadingView.swift; sourceTree = "<group>"; };
		BC7D499D2979D27D00ADB84D /* WeatherManager.swift */ = {isa = PBXFileReference; lastKnownFileType = sourcecode.swift; path = WeatherManager.swift; sourceTree = "<group>"; };
		BC7D499F297C84E500ADB84D /* WeatherView.swift */ = {isa = PBXFileReference; lastKnownFileType = sourcecode.swift; path = WeatherView.swift; sourceTree = "<group>"; };
		BC7D49A1297C8E9400ADB84D /* ModelData.swift */ = {isa = PBXFileReference; lastKnownFileType = sourcecode.swift; path = ModelData.swift; sourceTree = "<group>"; };
		BC7D49A3297C91DA00ADB84D /* weatherData.json */ = {isa = PBXFileReference; lastKnownFileType = text.json; path = weatherData.json; sourceTree = "<group>"; };
		BC7D49A5297C93FE00ADB84D /* Extensions.swift */ = {isa = PBXFileReference; lastKnownFileType = sourcecode.swift; path = Extensions.swift; sourceTree = "<group>"; };
		BC7D49A9297CA15A00ADB84D /* WeatherRow.swift */ = {isa = PBXFileReference; lastKnownFileType = sourcecode.swift; path = WeatherRow.swift; sourceTree = "<group>"; };
/* End PBXFileReference section */

/* Begin PBXFrameworksBuildPhase section */
		BC7D49632979BE6F00ADB84D /* Frameworks */ = {
			isa = PBXFrameworksBuildPhase;
			buildActionMask = 2147483647;
			files = (
			);
			runOnlyForDeploymentPostprocessing = 0;
		};
		BC7D49732979BE7100ADB84D /* Frameworks */ = {
			isa = PBXFrameworksBuildPhase;
			buildActionMask = 2147483647;
			files = (
			);
			runOnlyForDeploymentPostprocessing = 0;
		};
		BC7D497D2979BE7100ADB84D /* Frameworks */ = {
			isa = PBXFrameworksBuildPhase;
			buildActionMask = 2147483647;
			files = (
			);
			runOnlyForDeploymentPostprocessing = 0;
		};
/* End PBXFrameworksBuildPhase section */

/* Begin PBXGroup section */
		BC7D495D2979BE6F00ADB84D = {
			isa = PBXGroup;
			children = (
				BC7D49682979BE6F00ADB84D /* WeatherApp */,
				BC7D49792979BE7100ADB84D /* WeatherAppTests */,
				BC7D49832979BE7100ADB84D /* WeatherAppUITests */,
				BC7D49672979BE6F00ADB84D /* Products */,
			);
			sourceTree = "<group>";
		};
		BC7D49672979BE6F00ADB84D /* Products */ = {
			isa = PBXGroup;
			children = (
				BC7D49662979BE6F00ADB84D /* WeatherApp.app */,
				BC7D49762979BE7100ADB84D /* WeatherAppTests.xctest */,
				BC7D49802979BE7100ADB84D /* WeatherAppUITests.xctest */,
			);
			name = Products;
			sourceTree = "<group>";
		};
		BC7D49682979BE6F00ADB84D /* WeatherApp */ = {
			isa = PBXGroup;
			children = (
				BC7D49A8297CA13900ADB84D /* Components */,
				BC7D49692979BE6F00ADB84D /* WeatherAppApp.swift */,
				BC7D49962979C07E00ADB84D /* Views */,
				BC7D49932979BEFA00ADB84D /* Managers */,
				BC7D496D2979BE7100ADB84D /* Assets.xcassets */,
				BC7D496F2979BE7100ADB84D /* Preview Content */,
				BC7D49A5297C93FE00ADB84D /* Extensions.swift */,
			);
			path = WeatherApp;
			sourceTree = "<group>";
		};
		BC7D496F2979BE7100ADB84D /* Preview Content */ = {
			isa = PBXGroup;
			children = (
				BC7D49702979BE7100ADB84D /* Preview Assets.xcassets */,
				BC7D49A1297C8E9400ADB84D /* ModelData.swift */,
				BC7D49A3297C91DA00ADB84D /* weatherData.json */,
			);
			path = "Preview Content";
			sourceTree = "<group>";
		};
		BC7D49792979BE7100ADB84D /* WeatherAppTests */ = {
			isa = PBXGroup;
			children = (
				BC7D497A2979BE7100ADB84D /* WeatherAppTests.swift */,
			);
			path = WeatherAppTests;
			sourceTree = "<group>";
		};
		BC7D49832979BE7100ADB84D /* WeatherAppUITests */ = {
			isa = PBXGroup;
			children = (
				BC7D49842979BE7100ADB84D /* WeatherAppUITests.swift */,
				BC7D49862979BE7200ADB84D /* WeatherAppUITestsLaunchTests.swift */,
			);
			path = WeatherAppUITests;
			sourceTree = "<group>";
		};
		BC7D49932979BEFA00ADB84D /* Managers */ = {
			isa = PBXGroup;
			children = (
				BC7D49942979BF0E00ADB84D /* LocationManager.swift */,
				BC7D499D2979D27D00ADB84D /* WeatherManager.swift */,
			);
			path = Managers;
			sourceTree = "<group>";
		};
		BC7D49962979C07E00ADB84D /* Views */ = {
			isa = PBXGroup;
			children = (
				BC7D496B2979BE6F00ADB84D /* ContentView.swift */,
				BC7D49972979C0DE00ADB84D /* WelcomeView.swift */,
				BC7D499B2979C66D00ADB84D /* LoadingView.swift */,
				BC7D499F297C84E500ADB84D /* WeatherView.swift */,
			);
			path = Views;
			sourceTree = "<group>";
		};
		BC7D49A8297CA13900ADB84D /* Components */ = {
			isa = PBXGroup;
			children = (
				BC7D49A9297CA15A00ADB84D /* WeatherRow.swift */,
			);
			path = Components;
			sourceTree = "<group>";
		};
/* End PBXGroup section */

/* Begin PBXNativeTarget section */
		BC7D49652979BE6F00ADB84D /* WeatherApp */ = {
			isa = PBXNativeTarget;
			buildConfigurationList = BC7D498A2979BE7200ADB84D /* Build configuration list for PBXNativeTarget "WeatherApp" */;
			buildPhases = (
				BC7D49622979BE6F00ADB84D /* Sources */,
				BC7D49632979BE6F00ADB84D /* Frameworks */,
				BC7D49642979BE6F00ADB84D /* Resources */,
			);
			buildRules = (
			);
			dependencies = (
			);
			name = WeatherApp;
			productName = WeatherApp;
			productReference = BC7D49662979BE6F00ADB84D /* WeatherApp.app */;
			productType = "com.apple.product-type.application";
		};
		BC7D49752979BE7100ADB84D /* WeatherAppTests */ = {
			isa = PBXNativeTarget;
			buildConfigurationList = BC7D498D2979BE7200ADB84D /* Build configuration list for PBXNativeTarget "WeatherAppTests" */;
			buildPhases = (
				BC7D49722979BE7100ADB84D /* Sources */,
				BC7D49732979BE7100ADB84D /* Frameworks */,
				BC7D49742979BE7100ADB84D /* Resources */,
			);
			buildRules = (
			);
			dependencies = (
				BC7D49782979BE7100ADB84D /* PBXTargetDependency */,
			);
			name = WeatherAppTests;
			productName = WeatherAppTests;
			productReference = BC7D49762979BE7100ADB84D /* WeatherAppTests.xctest */;
			productType = "com.apple.product-type.bundle.unit-test";
		};
		BC7D497F2979BE7100ADB84D /* WeatherAppUITests */ = {
			isa = PBXNativeTarget;
			buildConfigurationList = BC7D49902979BE7200ADB84D /* Build configuration list for PBXNativeTarget "WeatherAppUITests" */;
			buildPhases = (
				BC7D497C2979BE7100ADB84D /* Sources */,
				BC7D497D2979BE7100ADB84D /* Frameworks */,
				BC7D497E2979BE7100ADB84D /* Resources */,
			);
			buildRules = (
			);
			dependencies = (
				BC7D49822979BE7100ADB84D /* PBXTargetDependency */,
			);
			name = WeatherAppUITests;
			productName = WeatherAppUITests;
			productReference = BC7D49802979BE7100ADB84D /* WeatherAppUITests.xctest */;
			productType = "com.apple.product-type.bundle.ui-testing";
		};
/* End PBXNativeTarget section */

/* Begin PBXProject section */
		BC7D495E2979BE6F00ADB84D /* Project object */ = {
			isa = PBXProject;
			attributes = {
				BuildIndependentTargetsInParallel = 1;
				LastSwiftUpdateCheck = 1410;
				LastUpgradeCheck = 1410;
				TargetAttributes = {
					BC7D49652979BE6F00ADB84D = {
						CreatedOnToolsVersion = 14.1;
					};
					BC7D49752979BE7100ADB84D = {
						CreatedOnToolsVersion = 14.1;
						TestTargetID = BC7D49652979BE6F00ADB84D;
					};
					BC7D497F2979BE7100ADB84D = {
						CreatedOnToolsVersion = 14.1;
						TestTargetID = BC7D49652979BE6F00ADB84D;
					};
				};
			};
			buildConfigurationList = BC7D49612979BE6F00ADB84D /* Build configuration list for PBXProject "WeatherApp" */;
			compatibilityVersion = "Xcode 14.0";
			developmentRegion = en;
			hasScannedForEncodings = 0;
			knownRegions = (
				en,
				Base,
			);
			mainGroup = BC7D495D2979BE6F00ADB84D;
			productRefGroup = BC7D49672979BE6F00ADB84D /* Products */;
			projectDirPath = "";
			projectRoot = "";
			targets = (
				BC7D49652979BE6F00ADB84D /* WeatherApp */,
				BC7D49752979BE7100ADB84D /* WeatherAppTests */,
				BC7D497F2979BE7100ADB84D /* WeatherAppUITests */,
			);
		};
/* End PBXProject section */

/* Begin PBXResourcesBuildPhase section */
		BC7D49642979BE6F00ADB84D /* Resources */ = {
			isa = PBXResourcesBuildPhase;
			buildActionMask = 2147483647;
			files = (
				BC7D49712979BE7100ADB84D /* Preview Assets.xcassets in Resources */,
				BC7D49A4297C91DA00ADB84D /* weatherData.json in Resources */,
				BC7D496E2979BE7100ADB84D /* Assets.xcassets in Resources */,
			);
			runOnlyForDeploymentPostprocessing = 0;
		};
		BC7D49742979BE7100ADB84D /* Resources */ = {
			isa = PBXResourcesBuildPhase;
			buildActionMask = 2147483647;
			files = (
			);
			runOnlyForDeploymentPostprocessing = 0;
		};
		BC7D497E2979BE7100ADB84D /* Resources */ = {
			isa = PBXResourcesBuildPhase;
			buildActionMask = 2147483647;
			files = (
			);
			runOnlyForDeploymentPostprocessing = 0;
		};
/* End PBXResourcesBuildPhase section */

/* Begin PBXSourcesBuildPhase section */
		BC7D49622979BE6F00ADB84D /* Sources */ = {
			isa = PBXSourcesBuildPhase;
			buildActionMask = 2147483647;
			files = (
				BC7D499E2979D27D00ADB84D /* WeatherManager.swift in Sources */,
				BC7D49A6297C93FE00ADB84D /* Extensions.swift in Sources */,
				BC7D496C2979BE6F00ADB84D /* ContentView.swift in Sources */,
				BC7D496A2979BE6F00ADB84D /* WeatherAppApp.swift in Sources */,
				BC7D49952979BF0E00ADB84D /* LocationManager.swift in Sources */,
				BC7D49AA297CA15A00ADB84D /* WeatherRow.swift in Sources */,
				BC7D499C2979C66D00ADB84D /* LoadingView.swift in Sources */,
				BC7D49A2297C8E9400ADB84D /* ModelData.swift in Sources */,
				BC7D49A0297C84E500ADB84D /* WeatherView.swift in Sources */,
				BC7D49982979C0DE00ADB84D /* WelcomeView.swift in Sources */,
			);
			runOnlyForDeploymentPostprocessing = 0;
		};
		BC7D49722979BE7100ADB84D /* Sources */ = {
			isa = PBXSourcesBuildPhase;
			buildActionMask = 2147483647;
			files = (
				BC7D497B2979BE7100ADB84D /* WeatherAppTests.swift in Sources */,
			);
			runOnlyForDeploymentPostprocessing = 0;
		};
		BC7D497C2979BE7100ADB84D /* Sources */ = {
			isa = PBXSourcesBuildPhase;
			buildActionMask = 2147483647;
			files = (
				BC7D49852979BE7100ADB84D /* WeatherAppUITests.swift in Sources */,
				BC7D49872979BE7200ADB84D /* WeatherAppUITestsLaunchTests.swift in Sources */,
			);
			runOnlyForDeploymentPostprocessing = 0;
		};
/* End PBXSourcesBuildPhase section */

/* Begin PBXTargetDependency section */
		BC7D49782979BE7100ADB84D /* PBXTargetDependency */ = {
			isa = PBXTargetDependency;
			target = BC7D49652979BE6F00ADB84D /* WeatherApp */;
			targetProxy = BC7D49772979BE7100ADB84D /* PBXContainerItemProxy */;
		};
		BC7D49822979BE7100ADB84D /* PBXTargetDependency */ = {
			isa = PBXTargetDependency;
			target = BC7D49652979BE6F00ADB84D /* WeatherApp */;
			targetProxy = BC7D49812979BE7100ADB84D /* PBXContainerItemProxy */;
		};
/* End PBXTargetDependency section */

/* Begin XCBuildConfiguration section */
		BC7D49882979BE7200ADB84D /* Debug */ = {
			isa = XCBuildConfiguration;
			buildSettings = {
				ALWAYS_SEARCH_USER_PATHS = NO;
				CLANG_ANALYZER_NONNULL = YES;
				CLANG_ANALYZER_NUMBER_OBJECT_CONVERSION = YES_AGGRESSIVE;
				CLANG_CXX_LANGUAGE_STANDARD = "gnu++20";
				CLANG_ENABLE_MODULES = YES;
				CLANG_ENABLE_OBJC_ARC = YES;
				CLANG_ENABLE_OBJC_WEAK = YES;
				CLANG_WARN_BLOCK_CAPTURE_AUTORELEASING = YES;
				CLANG_WARN_BOOL_CONVERSION = YES;
				CLANG_WARN_COMMA = YES;
				CLANG_WARN_CONSTANT_CONVERSION = YES;
				CLANG_WARN_DEPRECATED_OBJC_IMPLEMENTATIONS = YES;
				CLANG_WARN_DIRECT_OBJC_ISA_USAGE = YES_ERROR;
				CLANG_WARN_DOCUMENTATION_COMMENTS = YES;
				CLANG_WARN_EMPTY_BODY = YES;
				CLANG_WARN_ENUM_CONVERSION = YES;
				CLANG_WARN_INFINITE_RECURSION = YES;
				CLANG_WARN_INT_CONVERSION = YES;
				CLANG_WARN_NON_LITERAL_NULL_CONVERSION = YES;
				CLANG_WARN_OBJC_IMPLICIT_RETAIN_SELF = YES;
				CLANG_WARN_OBJC_LITERAL_CONVERSION = YES;
				CLANG_WARN_OBJC_ROOT_CLASS = YES_ERROR;
				CLANG_WARN_QUOTED_INCLUDE_IN_FRAMEWORK_HEADER = YES;
				CLANG_WARN_RANGE_LOOP_ANALYSIS = YES;
				CLANG_WARN_STRICT_PROTOTYPES = YES;
				CLANG_WARN_SUSPICIOUS_MOVE = YES;
				CLANG_WARN_UNGUARDED_AVAILABILITY = YES_AGGRESSIVE;
				CLANG_WARN_UNREACHABLE_CODE = YES;
				CLANG_WARN__DUPLICATE_METHOD_MATCH = YES;
				COPY_PHASE_STRIP = NO;
				DEBUG_INFORMATION_FORMAT = dwarf;
				ENABLE_STRICT_OBJC_MSGSEND = YES;
				ENABLE_TESTABILITY = YES;
				GCC_C_LANGUAGE_STANDARD = gnu11;
				GCC_DYNAMIC_NO_PIC = NO;
				GCC_NO_COMMON_BLOCKS = YES;
				GCC_OPTIMIZATION_LEVEL = 0;
				GCC_PREPROCESSOR_DEFINITIONS = (
					"DEBUG=1",
					"$(inherited)",
				);
				GCC_WARN_64_TO_32_BIT_CONVERSION = YES;
				GCC_WARN_ABOUT_RETURN_TYPE = YES_ERROR;
				GCC_WARN_UNDECLARED_SELECTOR = YES;
				GCC_WARN_UNINITIALIZED_AUTOS = YES_AGGRESSIVE;
				GCC_WARN_UNUSED_FUNCTION = YES;
				GCC_WARN_UNUSED_VARIABLE = YES;
				IPHONEOS_DEPLOYMENT_TARGET = 16.1;
				MTL_ENABLE_DEBUG_INFO = INCLUDE_SOURCE;
				MTL_FAST_MATH = YES;
				ONLY_ACTIVE_ARCH = YES;
				SDKROOT = iphoneos;
				SWIFT_ACTIVE_COMPILATION_CONDITIONS = DEBUG;
				SWIFT_OPTIMIZATION_LEVEL = "-Onone";
			};
			name = Debug;
		};
		BC7D49892979BE7200ADB84D /* Release */ = {
			isa = XCBuildConfiguration;
			buildSettings = {
				ALWAYS_SEARCH_USER_PATHS = NO;
				CLANG_ANALYZER_NONNULL = YES;
				CLANG_ANALYZER_NUMBER_OBJECT_CONVERSION = YES_AGGRESSIVE;
				CLANG_CXX_LANGUAGE_STANDARD = "gnu++20";
				CLANG_ENABLE_MODULES = YES;
				CLANG_ENABLE_OBJC_ARC = YES;
				CLANG_ENABLE_OBJC_WEAK = YES;
				CLANG_WARN_BLOCK_CAPTURE_AUTORELEASING = YES;
				CLANG_WARN_BOOL_CONVERSION = YES;
				CLANG_WARN_COMMA = YES;
				CLANG_WARN_CONSTANT_CONVERSION = YES;
				CLANG_WARN_DEPRECATED_OBJC_IMPLEMENTATIONS = YES;
				CLANG_WARN_DIRECT_OBJC_ISA_USAGE = YES_ERROR;
				CLANG_WARN_DOCUMENTATION_COMMENTS = YES;
				CLANG_WARN_EMPTY_BODY = YES;
				CLANG_WARN_ENUM_CONVERSION = YES;
				CLANG_WARN_INFINITE_RECURSION = YES;
				CLANG_WARN_INT_CONVERSION = YES;
				CLANG_WARN_NON_LITERAL_NULL_CONVERSION = YES;
				CLANG_WARN_OBJC_IMPLICIT_RETAIN_SELF = YES;
				CLANG_WARN_OBJC_LITERAL_CONVERSION = YES;
				CLANG_WARN_OBJC_ROOT_CLASS = YES_ERROR;
				CLANG_WARN_QUOTED_INCLUDE_IN_FRAMEWORK_HEADER = YES;
				CLANG_WARN_RANGE_LOOP_ANALYSIS = YES;
				CLANG_WARN_STRICT_PROTOTYPES = YES;
				CLANG_WARN_SUSPICIOUS_MOVE = YES;
				CLANG_WARN_UNGUARDED_AVAILABILITY = YES_AGGRESSIVE;
				CLANG_WARN_UNREACHABLE_CODE = YES;
				CLANG_WARN__DUPLICATE_METHOD_MATCH = YES;
				COPY_PHASE_STRIP = NO;
				DEBUG_INFORMATION_FORMAT = "dwarf-with-dsym";
				ENABLE_NS_ASSERTIONS = NO;
				ENABLE_STRICT_OBJC_MSGSEND = YES;
				GCC_C_LANGUAGE_STANDARD = gnu11;
				GCC_NO_COMMON_BLOCKS = YES;
				GCC_WARN_64_TO_32_BIT_CONVERSION = YES;
				GCC_WARN_ABOUT_RETURN_TYPE = YES_ERROR;
				GCC_WARN_UNDECLARED_SELECTOR = YES;
				GCC_WARN_UNINITIALIZED_AUTOS = YES_AGGRESSIVE;
				GCC_WARN_UNUSED_FUNCTION = YES;
				GCC_WARN_UNUSED_VARIABLE = YES;
				IPHONEOS_DEPLOYMENT_TARGET = 16.1;
				MTL_ENABLE_DEBUG_INFO = NO;
				MTL_FAST_MATH = YES;
				SDKROOT = iphoneos;
				SWIFT_COMPILATION_MODE = wholemodule;
				SWIFT_OPTIMIZATION_LEVEL = "-O";
				VALIDATE_PRODUCT = YES;
			};
			name = Release;
		};
		BC7D498B2979BE7200ADB84D /* Debug */ = {
			isa = XCBuildConfiguration;
			buildSettings = {
				ASSETCATALOG_COMPILER_APPICON_NAME = AppIcon;
				ASSETCATALOG_COMPILER_GLOBAL_ACCENT_COLOR_NAME = AccentColor;
				CODE_SIGN_STYLE = Automatic;
				CURRENT_PROJECT_VERSION = 1;
				DEVELOPMENT_ASSET_PATHS = "\"WeatherApp/Preview Content\"";
				ENABLE_PREVIEWS = YES;
				GENERATE_INFOPLIST_FILE = YES;
				INFOPLIST_KEY_UIApplicationSceneManifest_Generation = YES;
				INFOPLIST_KEY_UIApplicationSupportsIndirectInputEvents = YES;
				INFOPLIST_KEY_UILaunchScreen_Generation = YES;
				INFOPLIST_KEY_UISupportedInterfaceOrientations_iPad = "UIInterfaceOrientationPortrait UIInterfaceOrientationPortraitUpsideDown UIInterfaceOrientationLandscapeLeft UIInterfaceOrientationLandscapeRight";
				INFOPLIST_KEY_UISupportedInterfaceOrientations_iPhone = "UIInterfaceOrientationPortrait UIInterfaceOrientationLandscapeLeft UIInterfaceOrientationLandscapeRight";
				IPHONEOS_DEPLOYMENT_TARGET = 15.0;
				LD_RUNPATH_SEARCH_PATHS = (
					"$(inherited)",
					"@executable_path/Frameworks",
				);
				MARKETING_VERSION = 1.0;
				PRODUCT_BUNDLE_IDENTIFIER = io.beckyjeong.WeatherApp;
				PRODUCT_NAME = "$(TARGET_NAME)";
				SUPPORTED_PLATFORMS = "iphoneos iphonesimulator";
				SUPPORTS_MACCATALYST = NO;
				SUPPORTS_MAC_DESIGNED_FOR_IPHONE_IPAD = NO;
				SWIFT_EMIT_LOC_STRINGS = YES;
				SWIFT_VERSION = 5.0;
				TARGETED_DEVICE_FAMILY = "1,2";
			};
			name = Debug;
		};
		BC7D498C2979BE7200ADB84D /* Release */ = {
			isa = XCBuildConfiguration;
			buildSettings = {
				ASSETCATALOG_COMPILER_APPICON_NAME = AppIcon;
				ASSETCATALOG_COMPILER_GLOBAL_ACCENT_COLOR_NAME = AccentColor;
				CODE_SIGN_STYLE = Automatic;
				CURRENT_PROJECT_VERSION = 1;
				DEVELOPMENT_ASSET_PATHS = "\"WeatherApp/Preview Content\"";
				ENABLE_PREVIEWS = YES;
				GENERATE_INFOPLIST_FILE = YES;
				INFOPLIST_KEY_UIApplicationSceneManifest_Generation = YES;
				INFOPLIST_KEY_UIApplicationSupportsIndirectInputEvents = YES;
				INFOPLIST_KEY_UILaunchScreen_Generation = YES;
				INFOPLIST_KEY_UISupportedInterfaceOrientations_iPad = "UIInterfaceOrientationPortrait UIInterfaceOrientationPortraitUpsideDown UIInterfaceOrientationLandscapeLeft UIInterfaceOrientationLandscapeRight";
				INFOPLIST_KEY_UISupportedInterfaceOrientations_iPhone = "UIInterfaceOrientationPortrait UIInterfaceOrientationLandscapeLeft UIInterfaceOrientationLandscapeRight";
				IPHONEOS_DEPLOYMENT_TARGET = 15.0;
				LD_RUNPATH_SEARCH_PATHS = (
					"$(inherited)",
					"@executable_path/Frameworks",
				);
				MARKETING_VERSION = 1.0;
				PRODUCT_BUNDLE_IDENTIFIER = io.beckyjeong.WeatherApp;
				PRODUCT_NAME = "$(TARGET_NAME)";
				SUPPORTED_PLATFORMS = "iphoneos iphonesimulator";
				SUPPORTS_MACCATALYST = NO;
				SUPPORTS_MAC_DESIGNED_FOR_IPHONE_IPAD = NO;
				SWIFT_EMIT_LOC_STRINGS = YES;
				SWIFT_VERSION = 5.0;
				TARGETED_DEVICE_FAMILY = "1,2";
			};
			name = Release;
		};
		BC7D498E2979BE7200ADB84D /* Debug */ = {
			isa = XCBuildConfiguration;
			buildSettings = {
				ALWAYS_EMBED_SWIFT_STANDARD_LIBRARIES = YES;
				BUNDLE_LOADER = "$(TEST_HOST)";
				CODE_SIGN_STYLE = Automatic;
				CURRENT_PROJECT_VERSION = 1;
				GENERATE_INFOPLIST_FILE = YES;
				IPHONEOS_DEPLOYMENT_TARGET = 16.1;
				MARKETING_VERSION = 1.0;
				PRODUCT_BUNDLE_IDENTIFIER = io.beckyjeong.WeatherAppTests;
				PRODUCT_NAME = "$(TARGET_NAME)";
				SWIFT_EMIT_LOC_STRINGS = NO;
				SWIFT_VERSION = 5.0;
				TARGETED_DEVICE_FAMILY = "1,2";
				TEST_HOST = "$(BUILT_PRODUCTS_DIR)/WeatherApp.app/$(BUNDLE_EXECUTABLE_FOLDER_PATH)/WeatherApp";
			};
			name = Debug;
		};
		BC7D498F2979BE7200ADB84D /* Release */ = {
			isa = XCBuildConfiguration;
			buildSettings = {
				ALWAYS_EMBED_SWIFT_STANDARD_LIBRARIES = YES;
				BUNDLE_LOADER = "$(TEST_HOST)";
				CODE_SIGN_STYLE = Automatic;
				CURRENT_PROJECT_VERSION = 1;
				GENERATE_INFOPLIST_FILE = YES;
				IPHONEOS_DEPLOYMENT_TARGET = 16.1;
				MARKETING_VERSION = 1.0;
				PRODUCT_BUNDLE_IDENTIFIER = io.beckyjeong.WeatherAppTests;
				PRODUCT_NAME = "$(TARGET_NAME)";
				SWIFT_EMIT_LOC_STRINGS = NO;
				SWIFT_VERSION = 5.0;
				TARGETED_DEVICE_FAMILY = "1,2";
				TEST_HOST = "$(BUILT_PRODUCTS_DIR)/WeatherApp.app/$(BUNDLE_EXECUTABLE_FOLDER_PATH)/WeatherApp";
			};
			name = Release;
		};
		BC7D49912979BE7200ADB84D /* Debug */ = {
			isa = XCBuildConfiguration;
			buildSettings = {
				ALWAYS_EMBED_SWIFT_STANDARD_LIBRARIES = YES;
				CODE_SIGN_STYLE = Automatic;
				CURRENT_PROJECT_VERSION = 1;
				GENERATE_INFOPLIST_FILE = YES;
				MARKETING_VERSION = 1.0;
				PRODUCT_BUNDLE_IDENTIFIER = io.beckyjeong.WeatherAppUITests;
				PRODUCT_NAME = "$(TARGET_NAME)";
				SWIFT_EMIT_LOC_STRINGS = NO;
				SWIFT_VERSION = 5.0;
				TARGETED_DEVICE_FAMILY = "1,2";
				TEST_TARGET_NAME = WeatherApp;
			};
			name = Debug;
		};
		BC7D49922979BE7200ADB84D /* Release */ = {
			isa = XCBuildConfiguration;
			buildSettings = {
				ALWAYS_EMBED_SWIFT_STANDARD_LIBRARIES = YES;
				CODE_SIGN_STYLE = Automatic;
				CURRENT_PROJECT_VERSION = 1;
				GENERATE_INFOPLIST_FILE = YES;
				MARKETING_VERSION = 1.0;
				PRODUCT_BUNDLE_IDENTIFIER = io.beckyjeong.WeatherAppUITests;
				PRODUCT_NAME = "$(TARGET_NAME)";
				SWIFT_EMIT_LOC_STRINGS = NO;
				SWIFT_VERSION = 5.0;
				TARGETED_DEVICE_FAMILY = "1,2";
				TEST_TARGET_NAME = WeatherApp;
			};
			name = Release;
		};
/* End XCBuildConfiguration section */

/* Begin XCConfigurationList section */
		BC7D49612979BE6F00ADB84D /* Build configuration list for PBXProject "WeatherApp" */ = {
			isa = XCConfigurationList;
			buildConfigurations = (
				BC7D49882979BE7200ADB84D /* Debug */,
				BC7D49892979BE7200ADB84D /* Release */,
			);
			defaultConfigurationIsVisible = 0;
			defaultConfigurationName = Release;
		};
		BC7D498A2979BE7200ADB84D /* Build configuration list for PBXNativeTarget "WeatherApp" */ = {
			isa = XCConfigurationList;
			buildConfigurations = (
				BC7D498B2979BE7200ADB84D /* Debug */,
				BC7D498C2979BE7200ADB84D /* Release */,
			);
			defaultConfigurationIsVisible = 0;
			defaultConfigurationName = Release;
		};
		BC7D498D2979BE7200ADB84D /* Build configuration list for PBXNativeTarget "WeatherAppTests" */ = {
			isa = XCConfigurationList;
			buildConfigurations = (
				BC7D498E2979BE7200ADB84D /* Debug */,
				BC7D498F2979BE7200ADB84D /* Release */,
			);
			defaultConfigurationIsVisible = 0;
			defaultConfigurationName = Release;
		};
		BC7D49902979BE7200ADB84D /* Build configuration list for PBXNativeTarget "WeatherAppUITests" */ = {
			isa = XCConfigurationList;
			buildConfigurations = (
				BC7D49912979BE7200ADB84D /* Debug */,
				BC7D49922979BE7200ADB84D /* Release */,
			);
			defaultConfigurationIsVisible = 0;
			defaultConfigurationName = Release;
		};
/* End XCConfigurationList section */
	};
	rootObject = BC7D495E2979BE6F00ADB84D /* Project object */;
}
